
Microsoft Visual Studio Solution File, Format Version 12.00
# Visual Studio 15
VisualStudioVersion = 15.0.28307.106
MinimumVisualStudioVersion = 10.0.40219.1
Project("{8BC9CEB8-8B4A-11D0-8D11-00A0C91BC942}") = "13072019spm", "13072019spm\13072019spm.vcxproj", "{8EF9A414-F52C-4335-AD5C-DF9A8241402A}"
EndProject
Global
	GlobalSection(SolutionConfigurationPlatforms) = preSolution
		Debug|x64 = Debug|x64
		Debug|x86 = Debug|x86
		Release|x64 = Release|x64
		Release|x86 = Release|x86
	EndGlobalSection
	GlobalSection(ProjectConfigurationPlatforms) = postSolution
		{8EF9A414-F52C-4335-AD5C-DF9A8241402A}.Debug|x64.ActiveCfg = Debug|x64
		{8EF9A414-F52C-4335-AD5C-DF9A8241402A}.Debug|x64.Build.0 = Debug|x64
		{8EF9A414-F52C-4335-AD5C-DF9A8241402A}.Debug|x86.ActiveCfg = Debug|Win32
		{8EF9A414-F52C-4335-AD5C-DF9A8241402A}.Debug|x86.Build.0 = Debug|Win32
		{8EF9A414-F52C-4335-AD5C-DF9A8241402A}.Release|x64.ActiveCfg = Release|x64
		{8EF9A414-F52C-4335-AD5C-DF9A8241402A}.Release|x64.Build.0 = Release|x64
		{8EF9A414-F52C-4335-AD5C-DF9A8241402A}.Release|x86.ActiveCfg = Release|Win32
		{8EF9A414-F52C-4335-AD5C-DF9A8241402A}.Release|x86.Build.0 = Release|Win32
	EndGlobalSection
	GlobalSection(SolutionProperties) = preSolution
		HideSolutionNode = FALSE
	EndGlobalSection
	GlobalSection(ExtensibilityGlobals) = postSolution
		SolutionGuid = {C0515367-260A-416E-B384-2E9B6E80951C}
	EndGlobalSection
EndGlobal
